
Microsoft Visual Studio Solution File, Format Version 12.00
# Visual Studio Version 16
VisualStudioVersion = 16.0.30225.117
MinimumVisualStudioVersion = 10.0.40219.1
Project("{FAE04EC0-301F-11D3-BF4B-00C04F79EFBC}") = "WeChatApi", "WeChatApi\WeChatApi.csproj", "{16EF3D2B-6614-4BEA-9551-F29F2072361B}"
EndProject
Global
	GlobalSection(SolutionConfigurationPlatforms) = preSolution
		Debug|Any CPU = Debug|Any CPU
		Release|Any CPU = Release|Any CPU
	EndGlobalSection
	GlobalSection(ProjectConfigurationPlatforms) = postSolution
		{16EF3D2B-6614-4BEA-9551-F29F2072361B}.Debug|Any CPU.ActiveCfg = Debug|Any CPU
		{16EF3D2B-6614-4BEA-9551-F29F2072361B}.Debug|Any CPU.Build.0 = Debug|Any CPU
		{16EF3D2B-6614-4BEA-9551-F29F2072361B}.Release|Any CPU.ActiveCfg = Release|Any CPU
		{16EF3D2B-6614-4BEA-9551-F29F2072361B}.Release|Any CPU.Build.0 = Release|Any CPU
	EndGlobalSection
	GlobalSection(SolutionProperties) = preSolution
		HideSolutionNode = FALSE
	EndGlobalSection
	GlobalSection(ExtensibilityGlobals) = postSolution
		SolutionGuid = {95F2150C-1B74-4FB3-9C01-FBBDC47BC7D2}
	EndGlobalSection
EndGlobal
